// !$*UTF8*$!
{
	archiveVersion = 1;
	classes = {
	};
	objectVersion = 56;
	objects = {

/* Begin PBXBuildFile section */
		2F6FB54429FA6FC7001676C5 /* Extention + UILabel.swift in Sources */ = {isa = PBXBuildFile; fileRef = 2F6FB54329FA6FC7001676C5 /* Extention + UILabel.swift */; };
		2F6FB54B29FC8784001676C5 /* Extention + UIButton.swift in Sources */ = {isa = PBXBuildFile; fileRef = 2F6FB54A29FC8784001676C5 /* Extention + UIButton.swift */; };
		2F6FB54D29FC9690001676C5 /* Extention + UIImageView.swift in Sources */ = {isa = PBXBuildFile; fileRef = 2F6FB54C29FC9690001676C5 /* Extention + UIImageView.swift */; };
		2F6FB55229FD3EAB001676C5 /* WeatherManager.swift in Sources */ = {isa = PBXBuildFile; fileRef = 2F6FB55129FD3EAB001676C5 /* WeatherManager.swift */; };
		2F6FB5542A00EF8D001676C5 /* WeatherData.swift in Sources */ = {isa = PBXBuildFile; fileRef = 2F6FB5532A00EF8D001676C5 /* WeatherData.swift */; };
		2F6FB5562A01468A001676C5 /* WeatherModel.swift in Sources */ = {isa = PBXBuildFile; fileRef = 2F6FB5552A01468A001676C5 /* WeatherModel.swift */; };
		2FC04FEC29ED067D00561AAE /* AppDelegate.swift in Sources */ = {isa = PBXBuildFile; fileRef = 2FC04FEB29ED067D00561AAE /* AppDelegate.swift */; };
		2FC04FEE29ED067D00561AAE /* SceneDelegate.swift in Sources */ = {isa = PBXBuildFile; fileRef = 2FC04FED29ED067D00561AAE /* SceneDelegate.swift */; };
		2FC04FF029ED067D00561AAE /* WeatherViewController.swift in Sources */ = {isa = PBXBuildFile; fileRef = 2FC04FEF29ED067D00561AAE /* WeatherViewController.swift */; };
		2FC04FF529ED067F00561AAE /* Assets.xcassets in Resources */ = {isa = PBXBuildFile; fileRef = 2FC04FF429ED067F00561AAE /* Assets.xcassets */; };
		2FC04FF829ED067F00561AAE /* LaunchScreen.storyboard in Resources */ = {isa = PBXBuildFile; fileRef = 2FC04FF629ED067F00561AAE /* LaunchScreen.storyboard */; };
		2FC0500029ED06A700561AAE /* .gitignore in Resources */ = {isa = PBXBuildFile; fileRef = 2FC04FFF29ED06A700561AAE /* .gitignore */; };
		2FCD615129F7DBD400D9F9B8 /* SearchView.swift in Sources */ = {isa = PBXBuildFile; fileRef = 2FCD615029F7DBD400D9F9B8 /* SearchView.swift */; };
/* End PBXBuildFile section */

/* Begin PBXFileReference section */
		2F6FB54329FA6FC7001676C5 /* Extention + UILabel.swift */ = {isa = PBXFileReference; lastKnownFileType = sourcecode.swift; path = "Extention + UILabel.swift"; sourceTree = "<group>"; };
		2F6FB54A29FC8784001676C5 /* Extention + UIButton.swift */ = {isa = PBXFileReference; lastKnownFileType = sourcecode.swift; path = "Extention + UIButton.swift"; sourceTree = "<group>"; };
		2F6FB54C29FC9690001676C5 /* Extention + UIImageView.swift */ = {isa = PBXFileReference; lastKnownFileType = sourcecode.swift; path = "Extention + UIImageView.swift"; sourceTree = "<group>"; };
		2F6FB55129FD3EAB001676C5 /* WeatherManager.swift */ = {isa = PBXFileReference; lastKnownFileType = sourcecode.swift; path = WeatherManager.swift; sourceTree = "<group>"; };
		2F6FB5532A00EF8D001676C5 /* WeatherData.swift */ = {isa = PBXFileReference; lastKnownFileType = sourcecode.swift; path = WeatherData.swift; sourceTree = "<group>"; };
		2F6FB5552A01468A001676C5 /* WeatherModel.swift */ = {isa = PBXFileReference; lastKnownFileType = sourcecode.swift; path = WeatherModel.swift; sourceTree = "<group>"; };
		2FC04FE829ED067D00561AAE /* Clima.app */ = {isa = PBXFileReference; explicitFileType = wrapper.application; includeInIndex = 0; path = Clima.app; sourceTree = BUILT_PRODUCTS_DIR; };
		2FC04FEB29ED067D00561AAE /* AppDelegate.swift */ = {isa = PBXFileReference; lastKnownFileType = sourcecode.swift; path = AppDelegate.swift; sourceTree = "<group>"; };
		2FC04FED29ED067D00561AAE /* SceneDelegate.swift */ = {isa = PBXFileReference; lastKnownFileType = sourcecode.swift; path = SceneDelegate.swift; sourceTree = "<group>"; };
		2FC04FEF29ED067D00561AAE /* WeatherViewController.swift */ = {isa = PBXFileReference; lastKnownFileType = sourcecode.swift; path = WeatherViewController.swift; sourceTree = "<group>"; };
		2FC04FF429ED067F00561AAE /* Assets.xcassets */ = {isa = PBXFileReference; lastKnownFileType = folder.assetcatalog; path = Assets.xcassets; sourceTree = "<group>"; };
		2FC04FF729ED067F00561AAE /* Base */ = {isa = PBXFileReference; lastKnownFileType = file.storyboard; name = Base; path = Base.lproj/LaunchScreen.storyboard; sourceTree = "<group>"; };
		2FC04FF929ED067F00561AAE /* Info.plist */ = {isa = PBXFileReference; lastKnownFileType = text.plist.xml; path = Info.plist; sourceTree = "<group>"; };
		2FC04FFF29ED06A700561AAE /* .gitignore */ = {isa = PBXFileReference; lastKnownFileType = text; path = .gitignore; sourceTree = "<group>"; };
		2FC0500129ED06E200561AAE /* README.md */ = {isa = PBXFileReference; lastKnownFileType = net.daringfireball.markdown; path = README.md; sourceTree = "<group>"; };
		2FCD615029F7DBD400D9F9B8 /* SearchView.swift */ = {isa = PBXFileReference; lastKnownFileType = sourcecode.swift; path = SearchView.swift; sourceTree = "<group>"; };
/* End PBXFileReference section */

/* Begin PBXFrameworksBuildPhase section */
		2FC04FE529ED067D00561AAE /* Frameworks */ = {
			isa = PBXFrameworksBuildPhase;
			buildActionMask = 2147483647;
			files = (
			);
			runOnlyForDeploymentPostprocessing = 0;
		};
/* End PBXFrameworksBuildPhase section */

/* Begin PBXGroup section */
		2F6FB54229FA6E3D001676C5 /* Extension */ = {
			isa = PBXGroup;
			children = (
				2F6FB54329FA6FC7001676C5 /* Extention + UILabel.swift */,
				2F6FB54A29FC8784001676C5 /* Extention + UIButton.swift */,
				2F6FB54C29FC9690001676C5 /* Extention + UIImageView.swift */,
			);
			path = Extension;
			sourceTree = "<group>";
		};
		2F6FB54529FBD66F001676C5 /* Controller */ = {
			isa = PBXGroup;
			children = (
				2FC04FEF29ED067D00561AAE /* WeatherViewController.swift */,
				2FCD614D29F7CF2800D9F9B8 /* View */,
			);
			path = Controller;
			sourceTree = "<group>";
		};
		2F6FB54E29FCE27B001676C5 /* App */ = {
			isa = PBXGroup;
			children = (
				2FC04FEB29ED067D00561AAE /* AppDelegate.swift */,
				2FC04FED29ED067D00561AAE /* SceneDelegate.swift */,
			);
			path = App;
			sourceTree = "<group>";
		};
		2F6FB54F29FCE2A0001676C5 /* Resources */ = {
			isa = PBXGroup;
			children = (
				2FC04FF429ED067F00561AAE /* Assets.xcassets */,
			);
			path = Resources;
			sourceTree = "<group>";
		};
		2F6FB55029FD3E9E001676C5 /* Model */ = {
			isa = PBXGroup;
			children = (
				2F6FB55129FD3EAB001676C5 /* WeatherManager.swift */,
				2F6FB5532A00EF8D001676C5 /* WeatherData.swift */,
				2F6FB5552A01468A001676C5 /* WeatherModel.swift */,
			);
			path = Model;
			sourceTree = "<group>";
		};
		2FC04FDF29ED067D00561AAE = {
			isa = PBXGroup;
			children = (
				2FC0500129ED06E200561AAE /* README.md */,
				2FC04FFF29ED06A700561AAE /* .gitignore */,
				2FC04FEA29ED067D00561AAE /* Clima */,
				2FC04FE929ED067D00561AAE /* Products */,
			);
			sourceTree = "<group>";
		};
		2FC04FE929ED067D00561AAE /* Products */ = {
			isa = PBXGroup;
			children = (
				2FC04FE829ED067D00561AAE /* Clima.app */,
			);
			name = Products;
			sourceTree = "<group>";
		};
		2FC04FEA29ED067D00561AAE /* Clima */ = {
			isa = PBXGroup;
			children = (
				2F6FB55029FD3E9E001676C5 /* Model */,
				2F6FB54529FBD66F001676C5 /* Controller */,
				2F6FB54229FA6E3D001676C5 /* Extension */,
				2F6FB54E29FCE27B001676C5 /* App */,
				2F6FB54F29FCE2A0001676C5 /* Resources */,
				2FC04FF629ED067F00561AAE /* LaunchScreen.storyboard */,
				2FC04FF929ED067F00561AAE /* Info.plist */,
			);
			path = Clima;
			sourceTree = "<group>";
		};
		2FCD614D29F7CF2800D9F9B8 /* View */ = {
			isa = PBXGroup;
			children = (
				2FCD615029F7DBD400D9F9B8 /* SearchView.swift */,
			);
			path = View;
			sourceTree = "<group>";
		};
/* End PBXGroup section */

/* Begin PBXNativeTarget section */
		2FC04FE729ED067D00561AAE /* Clima */ = {
			isa = PBXNativeTarget;
			buildConfigurationList = 2FC04FFC29ED067F00561AAE /* Build configuration list for PBXNativeTarget "Clima" */;
			buildPhases = (
				2FC04FE429ED067D00561AAE /* Sources */,
				2FC04FE529ED067D00561AAE /* Frameworks */,
				2FC04FE629ED067D00561AAE /* Resources */,
			);
			buildRules = (
			);
			dependencies = (
			);
			name = Clima;
			productName = Clima;
			productReference = 2FC04FE829ED067D00561AAE /* Clima.app */;
			productType = "com.apple.product-type.application";
		};
/* End PBXNativeTarget section */

/* Begin PBXProject section */
		2FC04FE029ED067D00561AAE /* Project object */ = {
			isa = PBXProject;
			attributes = {
				BuildIndependentTargetsInParallel = 1;
				LastSwiftUpdateCheck = 1420;
				LastUpgradeCheck = 1420;
				TargetAttributes = {
					2FC04FE729ED067D00561AAE = {
						CreatedOnToolsVersion = 14.2;
					};
				};
			};
			buildConfigurationList = 2FC04FE329ED067D00561AAE /* Build configuration list for PBXProject "Clima" */;
			compatibilityVersion = "Xcode 14.0";
			developmentRegion = en;
			hasScannedForEncodings = 0;
			knownRegions = (
				en,
				Base,
			);
			mainGroup = 2FC04FDF29ED067D00561AAE;
			productRefGroup = 2FC04FE929ED067D00561AAE /* Products */;
			projectDirPath = "";
			projectRoot = "";
			targets = (
				2FC04FE729ED067D00561AAE /* Clima */,
			);
		};
/* End PBXProject section */

/* Begin PBXResourcesBuildPhase section */
		2FC04FE629ED067D00561AAE /* Resources */ = {
			isa = PBXResourcesBuildPhase;
			buildActionMask = 2147483647;
			files = (
				2FC0500029ED06A700561AAE /* .gitignore in Resources */,
				2FC04FF829ED067F00561AAE /* LaunchScreen.storyboard in Resources */,
				2FC04FF529ED067F00561AAE /* Assets.xcassets in Resources */,
			);
			runOnlyForDeploymentPostprocessing = 0;
		};
/* End PBXResourcesBuildPhase section */

/* Begin PBXSourcesBuildPhase section */
		2FC04FE429ED067D00561AAE /* Sources */ = {
			isa = PBXSourcesBuildPhase;
			buildActionMask = 2147483647;
			files = (
				2F6FB54B29FC8784001676C5 /* Extention + UIButton.swift in Sources */,
				2FC04FF029ED067D00561AAE /* WeatherViewController.swift in Sources */,
				2F6FB55229FD3EAB001676C5 /* WeatherManager.swift in Sources */,
				2F6FB54D29FC9690001676C5 /* Extention + UIImageView.swift in Sources */,
				2F6FB5562A01468A001676C5 /* WeatherModel.swift in Sources */,
				2F6FB54429FA6FC7001676C5 /* Extention + UILabel.swift in Sources */,
				2FCD615129F7DBD400D9F9B8 /* SearchView.swift in Sources */,
				2FC04FEC29ED067D00561AAE /* AppDelegate.swift in Sources */,
				2F6FB5542A00EF8D001676C5 /* WeatherData.swift in Sources */,
				2FC04FEE29ED067D00561AAE /* SceneDelegate.swift in Sources */,
			);
			runOnlyForDeploymentPostprocessing = 0;
		};
/* End PBXSourcesBuildPhase section */

/* Begin PBXVariantGroup section */
		2FC04FF629ED067F00561AAE /* LaunchScreen.storyboard */ = {
			isa = PBXVariantGroup;
			children = (
				2FC04FF729ED067F00561AAE /* Base */,
			);
			name = LaunchScreen.storyboard;
			sourceTree = "<group>";
		};
/* End PBXVariantGroup section */

/* Begin XCBuildConfiguration section */
		2FC04FFA29ED067F00561AAE /* Debug */ = {
			isa = XCBuildConfiguration;
			buildSettings = {
				ALWAYS_SEARCH_USER_PATHS = NO;
				CLANG_ANALYZER_NONNULL = YES;
				CLANG_ANALYZER_NUMBER_OBJECT_CONVERSION = YES_AGGRESSIVE;
				CLANG_CXX_LANGUAGE_STANDARD = "gnu++20";
				CLANG_ENABLE_MODULES = YES;
				CLANG_ENABLE_OBJC_ARC = YES;
				CLANG_ENABLE_OBJC_WEAK = YES;
				CLANG_WARN_BLOCK_CAPTURE_AUTORELEASING = YES;
				CLANG_WARN_BOOL_CONVERSION = YES;
				CLANG_WARN_COMMA = YES;
				CLANG_WARN_CONSTANT_CONVERSION = YES;
				CLANG_WARN_DEPRECATED_OBJC_IMPLEMENTATIONS = YES;
				CLANG_WARN_DIRECT_OBJC_ISA_USAGE = YES_ERROR;
				CLANG_WARN_DOCUMENTATION_COMMENTS = YES;
				CLANG_WARN_EMPTY_BODY = YES;
				CLANG_WARN_ENUM_CONVERSION = YES;
				CLANG_WARN_INFINITE_RECURSION = YES;
				CLANG_WARN_INT_CONVERSION = YES;
				CLANG_WARN_NON_LITERAL_NULL_CONVERSION = YES;
				CLANG_WARN_OBJC_IMPLICIT_RETAIN_SELF = YES;
				CLANG_WARN_OBJC_LITERAL_CONVERSION = YES;
				CLANG_WARN_OBJC_ROOT_CLASS = YES_ERROR;
				CLANG_WARN_QUOTED_INCLUDE_IN_FRAMEWORK_HEADER = YES;
				CLANG_WARN_RANGE_LOOP_ANALYSIS = YES;
				CLANG_WARN_STRICT_PROTOTYPES = YES;
				CLANG_WARN_SUSPICIOUS_MOVE = YES;
				CLANG_WARN_UNGUARDED_AVAILABILITY = YES_AGGRESSIVE;
				CLANG_WARN_UNREACHABLE_CODE = YES;
				CLANG_WARN__DUPLICATE_METHOD_MATCH = YES;
				COPY_PHASE_STRIP = NO;
				DEBUG_INFORMATION_FORMAT = dwarf;
				ENABLE_STRICT_OBJC_MSGSEND = YES;
				ENABLE_TESTABILITY = YES;
				GCC_C_LANGUAGE_STANDARD = gnu11;
				GCC_DYNAMIC_NO_PIC = NO;
				GCC_NO_COMMON_BLOCKS = YES;
				GCC_OPTIMIZATION_LEVEL = 0;
				GCC_PREPROCESSOR_DEFINITIONS = (
					"DEBUG=1",
					"$(inherited)",
				);
				GCC_WARN_64_TO_32_BIT_CONVERSION = YES;
				GCC_WARN_ABOUT_RETURN_TYPE = YES_ERROR;
				GCC_WARN_UNDECLARED_SELECTOR = YES;
				GCC_WARN_UNINITIALIZED_AUTOS = YES_AGGRESSIVE;
				GCC_WARN_UNUSED_FUNCTION = YES;
				GCC_WARN_UNUSED_VARIABLE = YES;
				IPHONEOS_DEPLOYMENT_TARGET = 16.2;
				MTL_ENABLE_DEBUG_INFO = INCLUDE_SOURCE;
				MTL_FAST_MATH = YES;
				ONLY_ACTIVE_ARCH = YES;
				SDKROOT = iphoneos;
				SWIFT_ACTIVE_COMPILATION_CONDITIONS = DEBUG;
				SWIFT_OPTIMIZATION_LEVEL = "-Onone";
			};
			name = Debug;
		};
		2FC04FFB29ED067F00561AAE /* Release */ = {
			isa = XCBuildConfiguration;
			buildSettings = {
				ALWAYS_SEARCH_USER_PATHS = NO;
				CLANG_ANALYZER_NONNULL = YES;
				CLANG_ANALYZER_NUMBER_OBJECT_CONVERSION = YES_AGGRESSIVE;
				CLANG_CXX_LANGUAGE_STANDARD = "gnu++20";
				CLANG_ENABLE_MODULES = YES;
				CLANG_ENABLE_OBJC_ARC = YES;
				CLANG_ENABLE_OBJC_WEAK = YES;
				CLANG_WARN_BLOCK_CAPTURE_AUTORELEASING = YES;
				CLANG_WARN_BOOL_CONVERSION = YES;
				CLANG_WARN_COMMA = YES;
				CLANG_WARN_CONSTANT_CONVERSION = YES;
				CLANG_WARN_DEPRECATED_OBJC_IMPLEMENTATIONS = YES;
				CLANG_WARN_DIRECT_OBJC_ISA_USAGE = YES_ERROR;
				CLANG_WARN_DOCUMENTATION_COMMENTS = YES;
				CLANG_WARN_EMPTY_BODY = YES;
				CLANG_WARN_ENUM_CONVERSION = YES;
				CLANG_WARN_INFINITE_RECURSION = YES;
				CLANG_WARN_INT_CONVERSION = YES;
				CLANG_WARN_NON_LITERAL_NULL_CONVERSION = YES;
				CLANG_WARN_OBJC_IMPLICIT_RETAIN_SELF = YES;
				CLANG_WARN_OBJC_LITERAL_CONVERSION = YES;
				CLANG_WARN_OBJC_ROOT_CLASS = YES_ERROR;
				CLANG_WARN_QUOTED_INCLUDE_IN_FRAMEWORK_HEADER = YES;
				CLANG_WARN_RANGE_LOOP_ANALYSIS = YES;
				CLANG_WARN_STRICT_PROTOTYPES = YES;
				CLANG_WARN_SUSPICIOUS_MOVE = YES;
				CLANG_WARN_UNGUARDED_AVAILABILITY = YES_AGGRESSIVE;
				CLANG_WARN_UNREACHABLE_CODE = YES;
				CLANG_WARN__DUPLICATE_METHOD_MATCH = YES;
				COPY_PHASE_STRIP = NO;
				DEBUG_INFORMATION_FORMAT = "dwarf-with-dsym";
				ENABLE_NS_ASSERTIONS = NO;
				ENABLE_STRICT_OBJC_MSGSEND = YES;
				GCC_C_LANGUAGE_STANDARD = gnu11;
				GCC_NO_COMMON_BLOCKS = YES;
				GCC_WARN_64_TO_32_BIT_CONVERSION = YES;
				GCC_WARN_ABOUT_RETURN_TYPE = YES_ERROR;
				GCC_WARN_UNDECLARED_SELECTOR = YES;
				GCC_WARN_UNINITIALIZED_AUTOS = YES_AGGRESSIVE;
				GCC_WARN_UNUSED_FUNCTION = YES;
				GCC_WARN_UNUSED_VARIABLE = YES;
				IPHONEOS_DEPLOYMENT_TARGET = 16.2;
				MTL_ENABLE_DEBUG_INFO = NO;
				MTL_FAST_MATH = YES;
				SDKROOT = iphoneos;
				SWIFT_COMPILATION_MODE = wholemodule;
				SWIFT_OPTIMIZATION_LEVEL = "-O";
				VALIDATE_PRODUCT = YES;
			};
			name = Release;
		};
		2FC04FFD29ED067F00561AAE /* Debug */ = {
			isa = XCBuildConfiguration;
			buildSettings = {
				ASSETCATALOG_COMPILER_APPICON_NAME = AppIcon;
				ASSETCATALOG_COMPILER_GLOBAL_ACCENT_COLOR_NAME = AccentColor;
				CODE_SIGN_STYLE = Automatic;
				CURRENT_PROJECT_VERSION = 1;
				DEVELOPMENT_TEAM = 2C7L227L3B;
				GENERATE_INFOPLIST_FILE = YES;
				INFOPLIST_FILE = Clima/Info.plist;
				INFOPLIST_KEY_UIApplicationSupportsIndirectInputEvents = YES;
				INFOPLIST_KEY_UILaunchStoryboardName = LaunchScreen;
				INFOPLIST_KEY_UISupportedInterfaceOrientations = UIInterfaceOrientationPortrait;
				INFOPLIST_KEY_UISupportedInterfaceOrientations_iPad = "UIInterfaceOrientationLandscapeLeft UIInterfaceOrientationLandscapeRight UIInterfaceOrientationPortrait UIInterfaceOrientationPortraitUpsideDown";
				LD_RUNPATH_SEARCH_PATHS = (
					"$(inherited)",
					"@executable_path/Frameworks",
				);
				MARKETING_VERSION = 1.0;
				PRODUCT_BUNDLE_IDENTIFIER = ru.devsw.Clima;
				PRODUCT_NAME = "$(TARGET_NAME)";
				SWIFT_EMIT_LOC_STRINGS = YES;
				SWIFT_VERSION = 5.0;
				TARGETED_DEVICE_FAMILY = "1,2";
			};
			name = Debug;
		};
		2FC04FFE29ED067F00561AAE /* Release */ = {
			isa = XCBuildConfiguration;
			buildSettings = {
				ASSETCATALOG_COMPILER_APPICON_NAME = AppIcon;
				ASSETCATALOG_COMPILER_GLOBAL_ACCENT_COLOR_NAME = AccentColor;
				CODE_SIGN_STYLE = Automatic;
				CURRENT_PROJECT_VERSION = 1;
				DEVELOPMENT_TEAM = 2C7L227L3B;
				GENERATE_INFOPLIST_FILE = YES;
				INFOPLIST_FILE = Clima/Info.plist;
				INFOPLIST_KEY_UIApplicationSupportsIndirectInputEvents = YES;
				INFOPLIST_KEY_UILaunchStoryboardName = LaunchScreen;
				INFOPLIST_KEY_UISupportedInterfaceOrientations = UIInterfaceOrientationPortrait;
				INFOPLIST_KEY_UISupportedInterfaceOrientations_iPad = "UIInterfaceOrientationLandscapeLeft UIInterfaceOrientationLandscapeRight UIInterfaceOrientationPortrait UIInterfaceOrientationPortraitUpsideDown";
				LD_RUNPATH_SEARCH_PATHS = (
					"$(inherited)",
					"@executable_path/Frameworks",
				);
				MARKETING_VERSION = 1.0;
				PRODUCT_BUNDLE_IDENTIFIER = ru.devsw.Clima;
				PRODUCT_NAME = "$(TARGET_NAME)";
				SWIFT_EMIT_LOC_STRINGS = YES;
				SWIFT_VERSION = 5.0;
				TARGETED_DEVICE_FAMILY = "1,2";
			};
			name = Release;
		};
/* End XCBuildConfiguration section */

/* Begin XCConfigurationList section */
		2FC04FE329ED067D00561AAE /* Build configuration list for PBXProject "Clima" */ = {
			isa = XCConfigurationList;
			buildConfigurations = (
				2FC04FFA29ED067F00561AAE /* Debug */,
				2FC04FFB29ED067F00561AAE /* Release */,
			);
			defaultConfigurationIsVisible = 0;
			defaultConfigurationName = Release;
		};
		2FC04FFC29ED067F00561AAE /* Build configuration list for PBXNativeTarget "Clima" */ = {
			isa = XCConfigurationList;
			buildConfigurations = (
				2FC04FFD29ED067F00561AAE /* Debug */,
				2FC04FFE29ED067F00561AAE /* Release */,
			);
			defaultConfigurationIsVisible = 0;
			defaultConfigurationName = Release;
		};
/* End XCConfigurationList section */
	};
	rootObject = 2FC04FE029ED067D00561AAE /* Project object */;
}
